
Microsoft Visual Studio Solution File, Format Version 12.00
# Visual Studio 15
VisualStudioVersion = 15.0.28307.1778
MinimumVisualStudioVersion = 10.0.40219.1
Project("{8BC9CEB8-8B4A-11D0-8D11-00A0C91BC942}") = "18-5-Code-1", "18-5-Code-1\18-5-Code-1.vcxproj", "{11BFF7C9-1040-4790-8405-18ADA0BFB79C}"
EndProject
Global
	GlobalSection(SolutionConfigurationPlatforms) = preSolution
		Debug|x64 = Debug|x64
		Debug|x86 = Debug|x86
		Release|x64 = Release|x64
		Release|x86 = Release|x86
	EndGlobalSection
	GlobalSection(ProjectConfigurationPlatforms) = postSolution
		{11BFF7C9-1040-4790-8405-18ADA0BFB79C}.Debug|x64.ActiveCfg = Debug|x64
		{11BFF7C9-1040-4790-8405-18ADA0BFB79C}.Debug|x64.Build.0 = Debug|x64
		{11BFF7C9-1040-4790-8405-18ADA0BFB79C}.Debug|x86.ActiveCfg = Debug|Win32
		{11BFF7C9-1040-4790-8405-18ADA0BFB79C}.Debug|x86.Build.0 = Debug|Win32
		{11BFF7C9-1040-4790-8405-18ADA0BFB79C}.Release|x64.ActiveCfg = Release|x64
		{11BFF7C9-1040-4790-8405-18ADA0BFB79C}.Release|x64.Build.0 = Release|x64
		{11BFF7C9-1040-4790-8405-18ADA0BFB79C}.Release|x86.ActiveCfg = Release|Win32
		{11BFF7C9-1040-4790-8405-18ADA0BFB79C}.Release|x86.Build.0 = Release|Win32
	EndGlobalSection
	GlobalSection(SolutionProperties) = preSolution
		HideSolutionNode = FALSE
	EndGlobalSection
	GlobalSection(ExtensibilityGlobals) = postSolution
		SolutionGuid = {28C0BC1A-DB6D-4055-A4D9-CA83F72F2F85}
	EndGlobalSection
EndGlobal
